
Microsoft Visual Studio Solution File, Format Version 12.00
Project("{2150E333-8FDC-42A3-9474-1A3956D46DE8}") = "examples", "examples", "{B36A84DF-456D-A817-6EDD-3EC3E7F6E11F}"
EndProject
Project("{FAE04EC0-301F-11D3-BF4B-00C04F79EFBC}") = "Nanov.OpenTelemetry.Example", "examples\Nanov.OpenTelemetry.Example\Nanov.OpenTelemetry.Example.csproj", "{7D0F5666-ED7D-4E76-A363-576268CF6BB4}"
EndProject
Project("{2150E333-8FDC-42A3-9474-1A3956D46DE8}") = "tests", "tests", "{0AB3BF05-4346-4AA6-1389-037BE0695223}"
EndProject
Project("{FAE04EC0-301F-11D3-BF4B-00C04F79EFBC}") = "Nanov.OpenTelemetry.Summary.Tests", "tests\Nanov.OpenTelemetry.Summary.Tests\Nanov.OpenTelemetry.Summary.Tests.csproj", "{75BC2FBA-A900-4202-AF73-1E44D24085E5}"
EndProject
Project("{2150E333-8FDC-42A3-9474-1A3956D46DE8}") = "benchmarks", "benchmarks", "{66320409-64EC-F7C5-3DEF-65E7510DAAD1}"
EndProject
Project("{FAE04EC0-301F-11D3-BF4B-00C04F79EFBC}") = "Nanov.OpenTelemetry.Summary.Benchmarks", "benchmarks\Nanov.OpenTelemetry.Summary.Benchmarks\Nanov.OpenTelemetry.Summary.Benchmarks.csproj", "{26ABA5C4-4E1D-4284-9356-20691DEF8429}"
EndProject
Project("{FAE04EC0-301F-11D3-BF4B-00C04F79EFBC}") = "Nanov.OpenTelemetry.Summary.IntegrationTests", "tests\Nanov.OpenTelemetry.Summary.IntegrationTests\Nanov.OpenTelemetry.Summary.IntegrationTests.csproj", "{FC47A614-0DA5-4648-A93D-B939628190BB}"
EndProject
Project("{2150E333-8FDC-42A3-9474-1A3956D46DE8}") = "src", "src", "{827E0CD3-B72D-47B6-A68D-7590B98EB39B}"
EndProject
Project("{FAE04EC0-301F-11D3-BF4B-00C04F79EFBC}") = "Nanov.OpenTelemetry.Summary", "src\Nanov.OpenTelemetry.Summary\Nanov.OpenTelemetry.Summary.csproj", "{35FB697D-CAD1-47D7-B4C8-1E73A889CFD6}"
EndProject
Global
	GlobalSection(SolutionConfigurationPlatforms) = preSolution
		Debug|Any CPU = Debug|Any CPU
		Debug|x64 = Debug|x64
		Debug|x86 = Debug|x86
		Release|Any CPU = Release|Any CPU
		Release|x64 = Release|x64
		Release|x86 = Release|x86
	EndGlobalSection
	GlobalSection(ProjectConfigurationPlatforms) = postSolution
		{7D0F5666-ED7D-4E76-A363-576268CF6BB4}.Debug|Any CPU.ActiveCfg = Debug|Any CPU
		{7D0F5666-ED7D-4E76-A363-576268CF6BB4}.Debug|Any CPU.Build.0 = Debug|Any CPU
		{7D0F5666-ED7D-4E76-A363-576268CF6BB4}.Debug|x64.ActiveCfg = Debug|Any CPU
		{7D0F5666-ED7D-4E76-A363-576268CF6BB4}.Debug|x64.Build.0 = Debug|Any CPU
		{7D0F5666-ED7D-4E76-A363-576268CF6BB4}.Debug|x86.ActiveCfg = Debug|Any CPU
		{7D0F5666-ED7D-4E76-A363-576268CF6BB4}.Debug|x86.Build.0 = Debug|Any CPU
		{7D0F5666-ED7D-4E76-A363-576268CF6BB4}.Release|Any CPU.ActiveCfg = Release|Any CPU
		{7D0F5666-ED7D-4E76-A363-576268CF6BB4}.Release|Any CPU.Build.0 = Release|Any CPU
		{7D0F5666-ED7D-4E76-A363-576268CF6BB4}.Release|x64.ActiveCfg = Release|Any CPU
		{7D0F5666-ED7D-4E76-A363-576268CF6BB4}.Release|x64.Build.0 = Release|Any CPU
		{7D0F5666-ED7D-4E76-A363-576268CF6BB4}.Release|x86.ActiveCfg = Release|Any CPU
		{7D0F5666-ED7D-4E76-A363-576268CF6BB4}.Release|x86.Build.0 = Release|Any CPU
		{75BC2FBA-A900-4202-AF73-1E44D24085E5}.Debug|Any CPU.ActiveCfg = Debug|Any CPU
		{75BC2FBA-A900-4202-AF73-1E44D24085E5}.Debug|Any CPU.Build.0 = Debug|Any CPU
		{75BC2FBA-A900-4202-AF73-1E44D24085E5}.Debug|x64.ActiveCfg = Debug|Any CPU
		{75BC2FBA-A900-4202-AF73-1E44D24085E5}.Debug|x64.Build.0 = Debug|Any CPU
		{75BC2FBA-A900-4202-AF73-1E44D24085E5}.Debug|x86.ActiveCfg = Debug|Any CPU
		{75BC2FBA-A900-4202-AF73-1E44D24085E5}.Debug|x86.Build.0 = Debug|Any CPU
		{75BC2FBA-A900-4202-AF73-1E44D24085E5}.Release|Any CPU.ActiveCfg = Release|Any CPU
		{75BC2FBA-A900-4202-AF73-1E44D24085E5}.Release|Any CPU.Build.0 = Release|Any CPU
		{75BC2FBA-A900-4202-AF73-1E44D24085E5}.Release|x64.ActiveCfg = Release|Any CPU
		{75BC2FBA-A900-4202-AF73-1E44D24085E5}.Release|x64.Build.0 = Release|Any CPU
		{75BC2FBA-A900-4202-AF73-1E44D24085E5}.Release|x86.ActiveCfg = Release|Any CPU
		{75BC2FBA-A900-4202-AF73-1E44D24085E5}.Release|x86.Build.0 = Release|Any CPU
		{26ABA5C4-4E1D-4284-9356-20691DEF8429}.Debug|Any CPU.ActiveCfg = Debug|Any CPU
		{26ABA5C4-4E1D-4284-9356-20691DEF8429}.Debug|Any CPU.Build.0 = Debug|Any CPU
		{26ABA5C4-4E1D-4284-9356-20691DEF8429}.Debug|x64.ActiveCfg = Debug|Any CPU
		{26ABA5C4-4E1D-4284-9356-20691DEF8429}.Debug|x64.Build.0 = Debug|Any CPU
		{26ABA5C4-4E1D-4284-9356-20691DEF8429}.Debug|x86.ActiveCfg = Debug|Any CPU
		{26ABA5C4-4E1D-4284-9356-20691DEF8429}.Debug|x86.Build.0 = Debug|Any CPU
		{26ABA5C4-4E1D-4284-9356-20691DEF8429}.Release|Any CPU.ActiveCfg = Release|Any CPU
		{26ABA5C4-4E1D-4284-9356-20691DEF8429}.Release|Any CPU.Build.0 = Release|Any CPU
		{26ABA5C4-4E1D-4284-9356-20691DEF8429}.Release|x64.ActiveCfg = Release|Any CPU
		{26ABA5C4-4E1D-4284-9356-20691DEF8429}.Release|x64.Build.0 = Release|Any CPU
		{26ABA5C4-4E1D-4284-9356-20691DEF8429}.Release|x86.ActiveCfg = Release|Any CPU
		{26ABA5C4-4E1D-4284-9356-20691DEF8429}.Release|x86.Build.0 = Release|Any CPU
		{FC47A614-0DA5-4648-A93D-B939628190BB}.Debug|Any CPU.ActiveCfg = Debug|Any CPU
		{FC47A614-0DA5-4648-A93D-B939628190BB}.Debug|Any CPU.Build.0 = Debug|Any CPU
		{FC47A614-0DA5-4648-A93D-B939628190BB}.Debug|x64.ActiveCfg = Debug|Any CPU
		{FC47A614-0DA5-4648-A93D-B939628190BB}.Debug|x64.Build.0 = Debug|Any CPU
		{FC47A614-0DA5-4648-A93D-B939628190BB}.Debug|x86.ActiveCfg = Debug|Any CPU
		{FC47A614-0DA5-4648-A93D-B939628190BB}.Debug|x86.Build.0 = Debug|Any CPU
		{FC47A614-0DA5-4648-A93D-B939628190BB}.Release|Any CPU.ActiveCfg = Release|Any CPU
		{FC47A614-0DA5-4648-A93D-B939628190BB}.Release|Any CPU.Build.0 = Release|Any CPU
		{FC47A614-0DA5-4648-A93D-B939628190BB}.Release|x64.ActiveCfg = Release|Any CPU
		{FC47A614-0DA5-4648-A93D-B939628190BB}.Release|x64.Build.0 = Release|Any CPU
		{FC47A614-0DA5-4648-A93D-B939628190BB}.Release|x86.ActiveCfg = Release|Any CPU
		{FC47A614-0DA5-4648-A93D-B939628190BB}.Release|x86.Build.0 = Release|Any CPU
		{35FB697D-CAD1-47D7-B4C8-1E73A889CFD6}.Debug|Any CPU.ActiveCfg = Debug|Any CPU
		{35FB697D-CAD1-47D7-B4C8-1E73A889CFD6}.Debug|Any CPU.Build.0 = Debug|Any CPU
		{35FB697D-CAD1-47D7-B4C8-1E73A889CFD6}.Debug|x64.ActiveCfg = Debug|Any CPU
		{35FB697D-CAD1-47D7-B4C8-1E73A889CFD6}.Debug|x64.Build.0 = Debug|Any CPU
		{35FB697D-CAD1-47D7-B4C8-1E73A889CFD6}.Debug|x86.ActiveCfg = Debug|Any CPU
		{35FB697D-CAD1-47D7-B4C8-1E73A889CFD6}.Debug|x86.Build.0 = Debug|Any CPU
		{35FB697D-CAD1-47D7-B4C8-1E73A889CFD6}.Release|Any CPU.ActiveCfg = Release|Any CPU
		{35FB697D-CAD1-47D7-B4C8-1E73A889CFD6}.Release|Any CPU.Build.0 = Release|Any CPU
		{35FB697D-CAD1-47D7-B4C8-1E73A889CFD6}.Release|x64.ActiveCfg = Release|Any CPU
		{35FB697D-CAD1-47D7-B4C8-1E73A889CFD6}.Release|x64.Build.0 = Release|Any CPU
		{35FB697D-CAD1-47D7-B4C8-1E73A889CFD6}.Release|x86.ActiveCfg = Release|Any CPU
		{35FB697D-CAD1-47D7-B4C8-1E73A889CFD6}.Release|x86.Build.0 = Release|Any CPU
	EndGlobalSection
	GlobalSection(SolutionProperties) = preSolution
		HideSolutionNode = FALSE
	EndGlobalSection
	GlobalSection(NestedProjects) = preSolution
		{7D0F5666-ED7D-4E76-A363-576268CF6BB4} = {B36A84DF-456D-A817-6EDD-3EC3E7F6E11F}
		{75BC2FBA-A900-4202-AF73-1E44D24085E5} = {0AB3BF05-4346-4AA6-1389-037BE0695223}
		{26ABA5C4-4E1D-4284-9356-20691DEF8429} = {66320409-64EC-F7C5-3DEF-65E7510DAAD1}
		{FC47A614-0DA5-4648-A93D-B939628190BB} = {0AB3BF05-4346-4AA6-1389-037BE0695223}
		{35FB697D-CAD1-47D7-B4C8-1E73A889CFD6} = {827E0CD3-B72D-47B6-A68D-7590B98EB39B}
	EndGlobalSection
EndGlobal
